{
  "name": "fly-on-the-wall",
  "lockfileVersion": 3,
  "requires": true,
  "packages": {
    "": {
      "dependencies": {
        "prettier": "^3.8.1"
      }
    },
    "desktop": {
      "name": "fly-on-the-wall",
      "version": "1.0.0",
      "extraneous": true,
      "license": "MIT",
      "dependencies": {
        "@huggingface/transformers": "^3.8.1",
        "electron-squirrel-startup": "^1.0.1",
        "node-llama-cpp": "^3.0.0"
      },
      "devDependencies": {
        "@electron-forge/cli": "^7.11.1",
        "@electron-forge/maker-deb": "^7.11.1",
        "@electron-forge/maker-dmg": "^7.11.1",
        "@electron-forge/maker-rpm": "^7.11.1",
        "@electron-forge/maker-squirrel": "^7.11.1",
        "@electron-forge/maker-zip": "^7.11.1",
        "@electron-forge/plugin-auto-unpack-natives": "^7.11.1",
        "@electron-forge/plugin-fuses": "^7.11.1",
        "@electron-forge/plugin-vite": "^7.11.1",
        "@electron-forge/publisher-github": "^7.11.1",
        "@electron-forge/shared-types": "^7.11.1",
        "@electron/fuses": "^1.8.0",
        "@types/electron-squirrel-startup": "^1.0.2",
        "@types/node": "^25.2.3",
        "@typescript-eslint/eslint-plugin": "^5.62.0",
        "@typescript-eslint/parser": "^5.62.0",
        "electron": "40.0.0",
        "eslint": "^8.57.1",
        "eslint-import-resolver-typescript": "3.5.5",
        "eslint-plugin-import": "^2.32.0",
        "knip": "^5.83.1",
        "stylelint": "^17.3.0",
        "stylelint-config-standard": "^40.0.0",
        "typescript": "^5.9.3",
        "vite": "^5.4.21"
      }
    },
    "node_modules/prettier": {
      "version": "3.8.1",
      "resolved": "https://registry.npmjs.org/prettier/-/prettier-3.8.1.tgz",
      "integrity": "sha512-UOnG6LftzbdaHZcKoPFtOcCKztrQ57WkHDeRD9t/PTQtmT0NHSeWWepj6pS0z/N7+08BHFDQVUrfmfMRcZwbMg==",
      "license": "MIT",
      "bin": {
        "prettier": "bin/prettier.cjs"
      },
      "engines": {
        "node": ">=14"
      },
      "funding": {
        "url": "https://github.com/prettier/prettier?sponsor=1"
      }
    }
  }
}
